
Microsoft Visual Studio Solution File, Format Version 12.00
# Visual Studio Version 16
VisualStudioVersion = 16.0.28803.202
MinimumVisualStudioVersion = 10.0.40219.1
Project("{FAE04EC0-301F-11D3-BF4B-00C04F79EFBC}") = "MultiKeyboards", "MultiKeyboards\MultiKeyboards.csproj", "{32819933-388E-4EB0-86D5-8FC61BB2BB6B}"
EndProject
Global
	GlobalSection(SolutionConfigurationPlatforms) = preSolution
		Debug|Any CPU = Debug|Any CPU
		Release|Any CPU = Release|Any CPU
	EndGlobalSection
	GlobalSection(ProjectConfigurationPlatforms) = postSolution
		{32819933-388E-4EB0-86D5-8FC61BB2BB6B}.Debug|Any CPU.ActiveCfg = Debug|Any CPU
		{32819933-388E-4EB0-86D5-8FC61BB2BB6B}.Debug|Any CPU.Build.0 = Debug|Any CPU
		{32819933-388E-4EB0-86D5-8FC61BB2BB6B}.Release|Any CPU.ActiveCfg = Release|Any CPU
		{32819933-388E-4EB0-86D5-8FC61BB2BB6B}.Release|Any CPU.Build.0 = Release|Any CPU
	EndGlobalSection
	GlobalSection(SolutionProperties) = preSolution
		HideSolutionNode = FALSE
	EndGlobalSection
	GlobalSection(ExtensibilityGlobals) = postSolution
		SolutionGuid = {D3591D53-79C7-4DFC-AC3B-0D172E2DC48A}
	EndGlobalSection
EndGlobal
